# This file was autogenerated by Stack.
# You should not edit this file by hand.
# For more information, please see the documentation at:
#   https://docs.haskellstack.org/en/stable/lock_files

packages:
- completed:
    hackage: google-maps-geocoding-0.5.0.0@sha256:13eeba7831fb1e5483ed46ef0b250cb91e74959d3328d373b9eb0f4916321d87,2350
    pantry-tree:
      size: 287
      sha256: 9b0e36a836f0da5a253c29d2add118cc72a8a1b56600dce753497b7baf999c0e
  original:
    hackage: google-maps-geocoding-0.5.0.0
- completed:
    hackage: google-static-maps-0.6.0.0@sha256:bdeaed57d057f422df222f103c5fd09ca1ef6570ef4ad13f191776c2c6bdc671,2727
    pantry-tree:
      size: 357
      sha256: aec97e10244c9ea68b63b056b0708413efb8455078b97ad39c18906b38c06c8d
  original:
    hackage: google-static-maps-0.6.0.0
snapshots:
- completed:
    size: 497510
    url: https://raw.githubusercontent.com/commercialhaskell/stackage-snapshots/master/lts/13/16.yaml
    sha256: 3e56dd069db766f8e4c0a61ba49611e549c8b7757369fe1a063d1c33548790ac
  original: lts-13.16
